
Microsoft Visual Studio Solution File, Format Version 12.00
# Visual Studio for Mac
Project("{FAE04EC0-301F-11D3-BF4B-00C04F79EFBC}") = "Assembly-CSharp", "Assembly-CSharp.csproj", "{0C6803E7-6331-8681-93F2-5FFA13EA1E3B}"
EndProject
Project("{FAE04EC0-301F-11D3-BF4B-00C04F79EFBC}") = "Assembly-CSharp-Editor", "Assembly-CSharp-Editor.csproj", "{5F2D4ACC-3A12-5C57-A2DF-EDC78330C30A}"
EndProject
Global
	GlobalSection(SolutionConfigurationPlatforms) = preSolution
		Debug|Any CPU = Debug|Any CPU
		Release|Any CPU = Release|Any CPU
	EndGlobalSection
	GlobalSection(ProjectConfigurationPlatforms) = postSolution
		{0C6803E7-6331-8681-93F2-5FFA13EA1E3B}.Debug|Any CPU.ActiveCfg = Debug|Any CPU
		{0C6803E7-6331-8681-93F2-5FFA13EA1E3B}.Debug|Any CPU.Build.0 = Debug|Any CPU
		{0C6803E7-6331-8681-93F2-5FFA13EA1E3B}.Release|Any CPU.ActiveCfg = Release|Any CPU
		{0C6803E7-6331-8681-93F2-5FFA13EA1E3B}.Release|Any CPU.Build.0 = Release|Any CPU
		{5F2D4ACC-3A12-5C57-A2DF-EDC78330C30A}.Debug|Any CPU.ActiveCfg = Debug|Any CPU
		{5F2D4ACC-3A12-5C57-A2DF-EDC78330C30A}.Debug|Any CPU.Build.0 = Debug|Any CPU
		{5F2D4ACC-3A12-5C57-A2DF-EDC78330C30A}.Release|Any CPU.ActiveCfg = Release|Any CPU
		{5F2D4ACC-3A12-5C57-A2DF-EDC78330C30A}.Release|Any CPU.Build.0 = Release|Any CPU
	EndGlobalSection
	GlobalSection(SolutionProperties) = preSolution
		HideSolutionNode = FALSE
	EndGlobalSection
EndGlobal
